
Microsoft Visual Studio Solution File, Format Version 12.00
# Visual Studio Version 17
VisualStudioVersion = 17.2.32505.173
MinimumVisualStudioVersion = 10.0.40219.1
Project("{FAE04EC0-301F-11D3-BF4B-00C04F79EFBC}") = "SimpleBrowser", "SimpleBrowser\SimpleBrowser.csproj", "{BCA7C614-A402-4844-AA06-2FE877A74BFC}"
EndProject
Global
	GlobalSection(SolutionConfigurationPlatforms) = preSolution
		Debug|Any CPU = Debug|Any CPU
		Release|Any CPU = Release|Any CPU
	EndGlobalSection
	GlobalSection(ProjectConfigurationPlatforms) = postSolution
		{BCA7C614-A402-4844-AA06-2FE877A74BFC}.Debug|Any CPU.ActiveCfg = Debug|Any CPU
		{BCA7C614-A402-4844-AA06-2FE877A74BFC}.Debug|Any CPU.Build.0 = Debug|Any CPU
		{BCA7C614-A402-4844-AA06-2FE877A74BFC}.Release|Any CPU.ActiveCfg = Release|Any CPU
		{BCA7C614-A402-4844-AA06-2FE877A74BFC}.Release|Any CPU.Build.0 = Release|Any CPU
	EndGlobalSection
	GlobalSection(SolutionProperties) = preSolution
		HideSolutionNode = FALSE
	EndGlobalSection
	GlobalSection(ExtensibilityGlobals) = postSolution
		SolutionGuid = {894C1B1F-ACAE-4FD7-BE49-011637DDB3A4}
	EndGlobalSection
EndGlobal
